// !$*UTF8*$!
{
	archiveVersion = 1;
	classes = {
	};
	objectVersion = 50;
	objects = {

/* Begin PBXBuildFile section */
		3978522F2732C62E00FECD3D /* AppDelegate.swift in Sources */ = {isa = PBXBuildFile; fileRef = 3978522E2732C62E00FECD3D /* AppDelegate.swift */; };
		397852312732C62E00FECD3D /* SceneDelegate.swift in Sources */ = {isa = PBXBuildFile; fileRef = 397852302732C62E00FECD3D /* SceneDelegate.swift */; };
		397852332732C62E00FECD3D /* ViewController.swift in Sources */ = {isa = PBXBuildFile; fileRef = 397852322732C62E00FECD3D /* ViewController.swift */; };
		397852362732C62E00FECD3D /* Main.storyboard in Resources */ = {isa = PBXBuildFile; fileRef = 397852342732C62E00FECD3D /* Main.storyboard */; };
		397852382732C63100FECD3D /* Assets.xcassets in Resources */ = {isa = PBXBuildFile; fileRef = 397852372732C63100FECD3D /* Assets.xcassets */; };
		3978523B2732C63100FECD3D /* LaunchScreen.storyboard in Resources */ = {isa = PBXBuildFile; fileRef = 397852392732C63100FECD3D /* LaunchScreen.storyboard */; };
/* End PBXBuildFile section */

/* Begin PBXFileReference section */
		3978522B2732C62E00FECD3D /* Project2-Me.app */ = {isa = PBXFileReference; explicitFileType = wrapper.application; includeInIndex = 0; path = "Project2-Me.app"; sourceTree = BUILT_PRODUCTS_DIR; };
		3978522E2732C62E00FECD3D /* AppDelegate.swift */ = {isa = PBXFileReference; lastKnownFileType = sourcecode.swift; path = AppDelegate.swift; sourceTree = "<group>"; };
		397852302732C62E00FECD3D /* SceneDelegate.swift */ = {isa = PBXFileReference; lastKnownFileType = sourcecode.swift; path = SceneDelegate.swift; sourceTree = "<group>"; };
		397852322732C62E00FECD3D /* ViewController.swift */ = {isa = PBXFileReference; lastKnownFileType = sourcecode.swift; path = ViewController.swift; sourceTree = "<group>"; };
		397852352732C62E00FECD3D /* Base */ = {isa = PBXFileReference; lastKnownFileType = file.storyboard; name = Base; path = Base.lproj/Main.storyboard; sourceTree = "<group>"; };
		397852372732C63100FECD3D /* Assets.xcassets */ = {isa = PBXFileReference; lastKnownFileType = folder.assetcatalog; path = Assets.xcassets; sourceTree = "<group>"; };
		3978523A2732C63100FECD3D /* Base */ = {isa = PBXFileReference; lastKnownFileType = file.storyboard; name = Base; path = Base.lproj/LaunchScreen.storyboard; sourceTree = "<group>"; };
		3978523C2732C63100FECD3D /* Info.plist */ = {isa = PBXFileReference; lastKnownFileType = text.plist.xml; path = Info.plist; sourceTree = "<group>"; };
/* End PBXFileReference section */

/* Begin PBXFrameworksBuildPhase section */
		397852282732C62E00FECD3D /* Frameworks */ = {
			isa = PBXFrameworksBuildPhase;
			buildActionMask = 2147483647;
			files = (
			);
			runOnlyForDeploymentPostprocessing = 0;
		};
/* End PBXFrameworksBuildPhase section */

/* Begin PBXGroup section */
		397852222732C62E00FECD3D = {
			isa = PBXGroup;
			children = (
				3978522D2732C62E00FECD3D /* Project2-Me */,
				3978522C2732C62E00FECD3D /* Products */,
			);
			sourceTree = "<group>";
		};
		3978522C2732C62E00FECD3D /* Products */ = {
			isa = PBXGroup;
			children = (
				3978522B2732C62E00FECD3D /* Project2-Me.app */,
			);
			name = Products;
			sourceTree = "<group>";
		};
		3978522D2732C62E00FECD3D /* Project2-Me */ = {
			isa = PBXGroup;
			children = (
				3978522E2732C62E00FECD3D /* AppDelegate.swift */,
				397852302732C62E00FECD3D /* SceneDelegate.swift */,
				397852322732C62E00FECD3D /* ViewController.swift */,
				397852342732C62E00FECD3D /* Main.storyboard */,
				397852372732C63100FECD3D /* Assets.xcassets */,
				397852392732C63100FECD3D /* LaunchScreen.storyboard */,
				3978523C2732C63100FECD3D /* Info.plist */,
			);
			path = "Project2-Me";
			sourceTree = "<group>";
		};
/* End PBXGroup section */

/* Begin PBXNativeTarget section */
		3978522A2732C62E00FECD3D /* Project2-Me */ = {
			isa = PBXNativeTarget;
			buildConfigurationList = 3978523F2732C63100FECD3D /* Build configuration list for PBXNativeTarget "Project2-Me" */;
			buildPhases = (
				397852272732C62E00FECD3D /* Sources */,
				397852282732C62E00FECD3D /* Frameworks */,
				397852292732C62E00FECD3D /* Resources */,
			);
			buildRules = (
			);
			dependencies = (
			);
			name = "Project2-Me";
			productName = "Project2-Me";
			productReference = 3978522B2732C62E00FECD3D /* Project2-Me.app */;
			productType = "com.apple.product-type.application";
		};
/* End PBXNativeTarget section */

/* Begin PBXProject section */
		397852232732C62E00FECD3D /* Project object */ = {
			isa = PBXProject;
			attributes = {
				LastSwiftUpdateCheck = 1160;
				LastUpgradeCheck = 1160;
				ORGANIZATIONNAME = Nayeem;
				TargetAttributes = {
					3978522A2732C62E00FECD3D = {
						CreatedOnToolsVersion = 11.6;
					};
				};
			};
			buildConfigurationList = 397852262732C62E00FECD3D /* Build configuration list for PBXProject "Project2-Me" */;
			compatibilityVersion = "Xcode 9.3";
			developmentRegion = en;
			hasScannedForEncodings = 0;
			knownRegions = (
				en,
				Base,
			);
			mainGroup = 397852222732C62E00FECD3D;
			productRefGroup = 3978522C2732C62E00FECD3D /* Products */;
			projectDirPath = "";
			projectRoot = "";
			targets = (
				3978522A2732C62E00FECD3D /* Project2-Me */,
			);
		};
/* End PBXProject section */

/* Begin PBXResourcesBuildPhase section */
		397852292732C62E00FECD3D /* Resources */ = {
			isa = PBXResourcesBuildPhase;
			buildActionMask = 2147483647;
			files = (
				3978523B2732C63100FECD3D /* LaunchScreen.storyboard in Resources */,
				397852382732C63100FECD3D /* Assets.xcassets in Resources */,
				397852362732C62E00FECD3D /* Main.storyboard in Resources */,
			);
			runOnlyForDeploymentPostprocessing = 0;
		};
/* End PBXResourcesBuildPhase section */

/* Begin PBXSourcesBuildPhase section */
		397852272732C62E00FECD3D /* Sources */ = {
			isa = PBXSourcesBuildPhase;
			buildActionMask = 2147483647;
			files = (
				397852332732C62E00FECD3D /* ViewController.swift in Sources */,
				3978522F2732C62E00FECD3D /* AppDelegate.swift in Sources */,
				397852312732C62E00FECD3D /* SceneDelegate.swift in Sources */,
			);
			runOnlyForDeploymentPostprocessing = 0;
		};
/* End PBXSourcesBuildPhase section */

/* Begin PBXVariantGroup section */
		397852342732C62E00FECD3D /* Main.storyboard */ = {
			isa = PBXVariantGroup;
			children = (
				397852352732C62E00FECD3D /* Base */,
			);
			name = Main.storyboard;
			sourceTree = "<group>";
		};
		397852392732C63100FECD3D /* LaunchScreen.storyboard */ = {
			isa = PBXVariantGroup;
			children = (
				3978523A2732C63100FECD3D /* Base */,
			);
			name = LaunchScreen.storyboard;
			sourceTree = "<group>";
		};
/* End PBXVariantGroup section */

/* Begin XCBuildConfiguration section */
		3978523D2732C63100FECD3D /* Debug */ = {
			isa = XCBuildConfiguration;
			buildSettings = {
				ALWAYS_SEARCH_USER_PATHS = NO;
				CLANG_ANALYZER_NONNULL = YES;
				CLANG_ANALYZER_NUMBER_OBJECT_CONVERSION = YES_AGGRESSIVE;
				CLANG_CXX_LANGUAGE_STANDARD = "gnu++14";
				CLANG_CXX_LIBRARY = "libc++";
				CLANG_ENABLE_MODULES = YES;
				CLANG_ENABLE_OBJC_ARC = YES;
				CLANG_ENABLE_OBJC_WEAK = YES;
				CLANG_WARN_BLOCK_CAPTURE_AUTORELEASING = YES;
				CLANG_WARN_BOOL_CONVERSION = YES;
				CLANG_WARN_COMMA = YES;
				CLANG_WARN_CONSTANT_CONVERSION = YES;
				CLANG_WARN_DEPRECATED_OBJC_IMPLEMENTATIONS = YES;
				CLANG_WARN_DIRECT_OBJC_ISA_USAGE = YES_ERROR;
				CLANG_WARN_DOCUMENTATION_COMMENTS = YES;
				CLANG_WARN_EMPTY_BODY = YES;
				CLANG_WARN_ENUM_CONVERSION = YES;
				CLANG_WARN_INFINITE_RECURSION = YES;
				CLANG_WARN_INT_CONVERSION = YES;
				CLANG_WARN_NON_LITERAL_NULL_CONVERSION = YES;
				CLANG_WARN_OBJC_IMPLICIT_RETAIN_SELF = YES;
				CLANG_WARN_OBJC_LITERAL_CONVERSION = YES;
				CLANG_WARN_OBJC_ROOT_CLASS = YES_ERROR;
				CLANG_WARN_RANGE_LOOP_ANALYSIS = YES;
				CLANG_WARN_STRICT_PROTOTYPES = YES;
				CLANG_WARN_SUSPICIOUS_MOVE = YES;
				CLANG_WARN_UNGUARDED_AVAILABILITY = YES_AGGRESSIVE;
				CLANG_WARN_UNREACHABLE_CODE = YES;
				CLANG_WARN__DUPLICATE_METHOD_MATCH = YES;
				COPY_PHASE_STRIP = NO;
				DEBUG_INFORMATION_FORMAT = dwarf;
				ENABLE_STRICT_OBJC_MSGSEND = YES;
				ENABLE_TESTABILITY = YES;
				GCC_C_LANGUAGE_STANDARD = gnu11;
				GCC_DYNAMIC_NO_PIC = NO;
				GCC_NO_COMMON_BLOCKS = YES;
				GCC_OPTIMIZATION_LEVEL = 0;
				GCC_PREPROCESSOR_DEFINITIONS = (
					"DEBUG=1",
					"$(inherited)",
				);
				GCC_WARN_64_TO_32_BIT_CONVERSION = YES;
				GCC_WARN_ABOUT_RETURN_TYPE = YES_ERROR;
				GCC_WARN_UNDECLARED_SELECTOR = YES;
				GCC_WARN_UNINITIALIZED_AUTOS = YES_AGGRESSIVE;
				GCC_WARN_UNUSED_FUNCTION = YES;
				GCC_WARN_UNUSED_VARIABLE = YES;
				IPHONEOS_DEPLOYMENT_TARGET = 13.6;
				MTL_ENABLE_DEBUG_INFO = INCLUDE_SOURCE;
				MTL_FAST_MATH = YES;
				ONLY_ACTIVE_ARCH = YES;
				SDKROOT = iphoneos;
				SWIFT_ACTIVE_COMPILATION_CONDITIONS = DEBUG;
				SWIFT_OPTIMIZATION_LEVEL = "-Onone";
			};
			name = Debug;
		};
		3978523E2732C63100FECD3D /* Release */ = {
			isa = XCBuildConfiguration;
			buildSettings = {
				ALWAYS_SEARCH_USER_PATHS = NO;
				CLANG_ANALYZER_NONNULL = YES;
				CLANG_ANALYZER_NUMBER_OBJECT_CONVERSION = YES_AGGRESSIVE;
				CLANG_CXX_LANGUAGE_STANDARD = "gnu++14";
				CLANG_CXX_LIBRARY = "libc++";
				CLANG_ENABLE_MODULES = YES;
				CLANG_ENABLE_OBJC_ARC = YES;
				CLANG_ENABLE_OBJC_WEAK = YES;
				CLANG_WARN_BLOCK_CAPTURE_AUTORELEASING = YES;
				CLANG_WARN_BOOL_CONVERSION = YES;
				CLANG_WARN_COMMA = YES;
				CLANG_WARN_CONSTANT_CONVERSION = YES;
				CLANG_WARN_DEPRECATED_OBJC_IMPLEMENTATIONS = YES;
				CLANG_WARN_DIRECT_OBJC_ISA_USAGE = YES_ERROR;
				CLANG_WARN_DOCUMENTATION_COMMENTS = YES;
				CLANG_WARN_EMPTY_BODY = YES;
				CLANG_WARN_ENUM_CONVERSION = YES;
				CLANG_WARN_INFINITE_RECURSION = YES;
				CLANG_WARN_INT_CONVERSION = YES;
				CLANG_WARN_NON_LITERAL_NULL_CONVERSION = YES;
				CLANG_WARN_OBJC_IMPLICIT_RETAIN_SELF = YES;
				CLANG_WARN_OBJC_LITERAL_CONVERSION = YES;
				CLANG_WARN_OBJC_ROOT_CLASS = YES_ERROR;
				CLANG_WARN_RANGE_LOOP_ANALYSIS = YES;
				CLANG_WARN_STRICT_PROTOTYPES = YES;
				CLANG_WARN_SUSPICIOUS_MOVE = YES;
				CLANG_WARN_UNGUARDED_AVAILABILITY = YES_AGGRESSIVE;
				CLANG_WARN_UNREACHABLE_CODE = YES;
				CLANG_WARN__DUPLICATE_METHOD_MATCH = YES;
				COPY_PHASE_STRIP = NO;
				DEBUG_INFORMATION_FORMAT = "dwarf-with-dsym";
				ENABLE_NS_ASSERTIONS = NO;
				ENABLE_STRICT_OBJC_MSGSEND = YES;
				GCC_C_LANGUAGE_STANDARD = gnu11;
				GCC_NO_COMMON_BLOCKS = YES;
				GCC_WARN_64_TO_32_BIT_CONVERSION = YES;
				GCC_WARN_ABOUT_RETURN_TYPE = YES_ERROR;
				GCC_WARN_UNDECLARED_SELECTOR = YES;
				GCC_WARN_UNINITIALIZED_AUTOS = YES_AGGRESSIVE;
				GCC_WARN_UNUSED_FUNCTION = YES;
				GCC_WARN_UNUSED_VARIABLE = YES;
				IPHONEOS_DEPLOYMENT_TARGET = 13.6;
				MTL_ENABLE_DEBUG_INFO = NO;
				MTL_FAST_MATH = YES;
				SDKROOT = iphoneos;
				SWIFT_COMPILATION_MODE = wholemodule;
				SWIFT_OPTIMIZATION_LEVEL = "-O";
				VALIDATE_PRODUCT = YES;
			};
			name = Release;
		};
		397852402732C63100FECD3D /* Debug */ = {
			isa = XCBuildConfiguration;
			buildSettings = {
				ASSETCATALOG_COMPILER_APPICON_NAME = AppIcon;
				CODE_SIGN_STYLE = Automatic;
				INFOPLIST_FILE = "Project2-Me/Info.plist";
				LD_RUNPATH_SEARCH_PATHS = (
					"$(inherited)",
					"@executable_path/Frameworks",
				);
				PRODUCT_BUNDLE_IDENTIFIER = "com.Nayeemnazmul.Project2-Me";
				PRODUCT_NAME = "$(TARGET_NAME)";
				SWIFT_VERSION = 5.0;
				TARGETED_DEVICE_FAMILY = "1,2";
			};
			name = Debug;
		};
		397852412732C63100FECD3D /* Release */ = {
			isa = XCBuildConfiguration;
			buildSettings = {
				ASSETCATALOG_COMPILER_APPICON_NAME = AppIcon;
				CODE_SIGN_STYLE = Automatic;
				INFOPLIST_FILE = "Project2-Me/Info.plist";
				LD_RUNPATH_SEARCH_PATHS = (
					"$(inherited)",
					"@executable_path/Frameworks",
				);
				PRODUCT_BUNDLE_IDENTIFIER = "com.Nayeemnazmul.Project2-Me";
				PRODUCT_NAME = "$(TARGET_NAME)";
				SWIFT_VERSION = 5.0;
				TARGETED_DEVICE_FAMILY = "1,2";
			};
			name = Release;
		};
/* End XCBuildConfiguration section */

/* Begin XCConfigurationList section */
		397852262732C62E00FECD3D /* Build configuration list for PBXProject "Project2-Me" */ = {
			isa = XCConfigurationList;
			buildConfigurations = (
				3978523D2732C63100FECD3D /* Debug */,
				3978523E2732C63100FECD3D /* Release */,
			);
			defaultConfigurationIsVisible = 0;
			defaultConfigurationName = Release;
		};
		3978523F2732C63100FECD3D /* Build configuration list for PBXNativeTarget "Project2-Me" */ = {
			isa = XCConfigurationList;
			buildConfigurations = (
				397852402732C63100FECD3D /* Debug */,
				397852412732C63100FECD3D /* Release */,
			);
			defaultConfigurationIsVisible = 0;
			defaultConfigurationName = Release;
		};
/* End XCConfigurationList section */
	};
	rootObject = 397852232732C62E00FECD3D /* Project object */;
}
